{
  "name": "ridge-boot",
  "version": "1.0.0",
  "lockfileVersion": 2,
  "requires": true,
  "packages": {
    "": {
      "name": "ridge-boot",
      "version": "1.0.0",
      "license": "ISC",
      "dependencies": {
        "co-body": "^6.1.0",
        "debug": "^4.3.4",
        "http-proxy": "^1.18.1",
        "koa": "^2.15.2",
        "querystring": "^0.2.0"
      }
    },
    "node_modules/accepts": {},
    "node_modules/cache-content-type": {},
    "node_modules/co": {},
    "node_modules/co-body": {
      "version": "6.1.0",
      "license": "MIT",
      "dependencies": {
        "inflation": "^2.0.0",
        "qs": "^6.5.2",
        "raw-body": "^2.3.3",
        "type-is": "^1.6.16"
      }
    },
    "node_modules/content-disposition": {},
    "node_modules/content-type": {},
    "node_modules/cookies": {
      "version": "0.9.1",
      "license": "MIT",
      "dependencies": {
        "depd": "~2.0.0",
        "keygrip": "~1.1.0"
      },
      "engines": {
        "node": ">= 0.8"
      }
    },
    "node_modules/cookies/node_modules/depd": {
      "version": "2.0.0",
      "license": "MIT",
      "engines": {
        "node": ">= 0.8"
      }
    },
    "node_modules/debug": {
      "version": "4.3.4",
      "license": "MIT",
      "dependencies": {
        "ms": "2.1.2"
      },
      "engines": {
        "node": ">=6.0"
      },
      "peerDependenciesMeta": {
        "supports-color": {
          "optional": true
        }
      }
    },
    "node_modules/delegates": {},
    "node_modules/destroy": {},
    "node_modules/encodeurl": {},
    "node_modules/escape-html": {},
    "node_modules/eventemitter3": {
      "version": "4.0.7",
      "resolved": "https://registry.npmmirror.com/eventemitter3/-/eventemitter3-4.0.7.tgz",
      "integrity": "sha512-8guHBZCwKnFhYdHr2ysuRWErTwhoN2X8XELRlrRwpmfeY2jjuUN4taQMsULKUVo1K4DvZl+0pgfyoysHxvmvEw=="
    },
    "node_modules/follow-redirects": {
      "version": "1.15.6",
      "resolved": "https://registry.npmmirror.com/follow-redirects/-/follow-redirects-1.15.6.tgz",
      "integrity": "sha512-wWN62YITEaOpSK584EZXJafH1AGpO8RVgElfkuXbTOrPX4fIfOyEpW/CsiNd8JdYrAoOvafRTOEnvsO++qCqFA==",
      "engines": {
        "node": ">=4.0"
      },
      "peerDependenciesMeta": {
        "debug": {
          "optional": true
        }
      }
    },
    "node_modules/fresh": {},
    "node_modules/http-assert": {},
    "node_modules/http-errors": {},
    "node_modules/http-proxy": {
      "version": "1.18.1",
      "resolved": "https://registry.npmmirror.com/http-proxy/-/http-proxy-1.18.1.tgz",
      "integrity": "sha512-7mz/721AbnJwIVbnaSv1Cz3Am0ZLT/UBwkC92VlxhXv/k/BBQfM2fXElQNC27BVGr0uwUpplYPQM9LnaBMR5NQ==",
      "dependencies": {
        "eventemitter3": "^4.0.0",
        "follow-redirects": "^1.0.0",
        "requires-port": "^1.0.0"
      },
      "engines": {
        "node": ">=8.0.0"
      }
    },
    "node_modules/inflation": {},
    "node_modules/is-generator-function": {},
    "node_modules/keygrip": {
      "version": "1.1.0",
      "license": "MIT",
      "dependencies": {
        "tsscmp": "1.0.6"
      },
      "engines": {
        "node": ">= 0.6"
      }
    },
    "node_modules/koa": {
      "version": "2.15.2",
      "license": "MIT",
      "dependencies": {
        "accepts": "^1.3.5",
        "cache-content-type": "^1.0.0",
        "content-disposition": "~0.5.2",
        "content-type": "^1.0.4",
        "cookies": "~0.9.0",
        "debug": "^4.3.2",
        "delegates": "^1.0.0",
        "depd": "^2.0.0",
        "destroy": "^1.0.4",
        "encodeurl": "^1.0.2",
        "escape-html": "^1.0.3",
        "fresh": "~0.5.2",
        "http-assert": "^1.3.0",
        "http-errors": "^1.6.3",
        "is-generator-function": "^1.0.7",
        "koa-compose": "^4.1.0",
        "koa-convert": "^2.0.0",
        "on-finished": "^2.3.0",
        "only": "~0.0.2",
        "parseurl": "^1.3.2",
        "statuses": "^1.5.0",
        "type-is": "^1.6.16",
        "vary": "^1.1.2"
      },
      "engines": {
        "node": "^4.8.4 || ^6.10.1 || ^7.10.1 || >= 8.1.4"
      }
    },
    "node_modules/koa-compose": {},
    "node_modules/koa-convert": {
      "version": "2.0.0",
      "license": "MIT",
      "dependencies": {
        "co": "^4.6.0",
        "koa-compose": "^4.1.0"
      },
      "engines": {
        "node": ">= 10"
      }
    },
    "node_modules/koa/node_modules/depd": {
      "version": "2.0.0",
      "license": "MIT",
      "engines": {
        "node": ">= 0.8"
      }
    },
    "node_modules/ms": {},
    "node_modules/on-finished": {},
    "node_modules/only": {},
    "node_modules/parseurl": {},
    "node_modules/qs": {},
    "node_modules/querystring": {
      "version": "0.2.1",
      "resolved": "https://registry.npmmirror.com/querystring/-/querystring-0.2.1.tgz",
      "integrity": "sha512-wkvS7mL/JMugcup3/rMitHmd9ecIGd2lhFhK9N3UUQ450h66d1r3Y9nvXzQAW1Lq+wyx61k/1pfKS5KuKiyEbg==",
      "deprecated": "The querystring API is considered Legacy. new code should use the URLSearchParams API instead.",
      "engines": {
        "node": ">=0.4.x"
      }
    },
    "node_modules/raw-body": {},
    "node_modules/requires-port": {
      "version": "1.0.0",
      "resolved": "https://registry.npmmirror.com/requires-port/-/requires-port-1.0.0.tgz",
      "integrity": "sha512-KigOCHcocU3XODJxsu8i/j8T9tzT4adHiecwORRQ0ZZFcp7ahwXuRU1m+yuO90C5ZUyGeGfocHDI14M3L3yDAQ=="
    },
    "node_modules/statuses": {},
    "node_modules/tsscmp": {
      "version": "1.0.6",
      "license": "MIT",
      "engines": {
        "node": ">=0.6.x"
      }
    },
    "node_modules/type-is": {},
    "node_modules/vary": {}
  },
  "dependencies": {
    "accepts": {},
    "cache-content-type": {},
    "co": {},
    "co-body": {
      "version": "6.1.0",
      "requires": {
        "inflation": "^2.0.0",
        "qs": "^6.5.2",
        "raw-body": "^2.3.3",
        "type-is": "^1.6.16"
      }
    },
    "content-disposition": {},
    "content-type": {},
    "cookies": {
      "version": "0.9.1",
      "requires": {
        "depd": "~2.0.0",
        "keygrip": "~1.1.0"
      },
      "dependencies": {
        "depd": {
          "version": "2.0.0"
        }
      }
    },
    "debug": {
      "version": "4.3.4",
      "requires": {
        "ms": "2.1.2"
      }
    },
    "delegates": {},
    "destroy": {},
    "encodeurl": {},
    "escape-html": {},
    "eventemitter3": {
      "version": "4.0.7",
      "resolved": "https://registry.npmmirror.com/eventemitter3/-/eventemitter3-4.0.7.tgz",
      "integrity": "sha512-8guHBZCwKnFhYdHr2ysuRWErTwhoN2X8XELRlrRwpmfeY2jjuUN4taQMsULKUVo1K4DvZl+0pgfyoysHxvmvEw=="
    },
    "follow-redirects": {
      "version": "1.15.6",
      "resolved": "https://registry.npmmirror.com/follow-redirects/-/follow-redirects-1.15.6.tgz",
      "integrity": "sha512-wWN62YITEaOpSK584EZXJafH1AGpO8RVgElfkuXbTOrPX4fIfOyEpW/CsiNd8JdYrAoOvafRTOEnvsO++qCqFA=="
    },
    "fresh": {},
    "http-assert": {},
    "http-errors": {},
    "http-proxy": {
      "version": "1.18.1",
      "resolved": "https://registry.npmmirror.com/http-proxy/-/http-proxy-1.18.1.tgz",
      "integrity": "sha512-7mz/721AbnJwIVbnaSv1Cz3Am0ZLT/UBwkC92VlxhXv/k/BBQfM2fXElQNC27BVGr0uwUpplYPQM9LnaBMR5NQ==",
      "requires": {
        "eventemitter3": "^4.0.0",
        "follow-redirects": "^1.0.0",
        "requires-port": "^1.0.0"
      }
    },
    "inflation": {},
    "is-generator-function": {},
    "keygrip": {
      "version": "1.1.0",
      "requires": {
        "tsscmp": "1.0.6"
      }
    },
    "koa": {
      "version": "2.15.2",
      "requires": {
        "accepts": "^1.3.5",
        "cache-content-type": "^1.0.0",
        "content-disposition": "~0.5.2",
        "content-type": "^1.0.4",
        "cookies": "~0.9.0",
        "debug": "^4.3.2",
        "delegates": "^1.0.0",
        "depd": "^2.0.0",
        "destroy": "^1.0.4",
        "encodeurl": "^1.0.2",
        "escape-html": "^1.0.3",
        "fresh": "~0.5.2",
        "http-assert": "^1.3.0",
        "http-errors": "^1.6.3",
        "is-generator-function": "^1.0.7",
        "koa-compose": "^4.1.0",
        "koa-convert": "^2.0.0",
        "on-finished": "^2.3.0",
        "only": "~0.0.2",
        "parseurl": "^1.3.2",
        "statuses": "^1.5.0",
        "type-is": "^1.6.16",
        "vary": "^1.1.2"
      },
      "dependencies": {
        "depd": {
          "version": "2.0.0"
        }
      }
    },
    "koa-compose": {},
    "koa-convert": {
      "version": "2.0.0",
      "requires": {
        "co": "^4.6.0",
        "koa-compose": "^4.1.0"
      }
    },
    "ms": {},
    "on-finished": {},
    "only": {},
    "parseurl": {},
    "qs": {},
    "querystring": {
      "version": "0.2.1",
      "resolved": "https://registry.npmmirror.com/querystring/-/querystring-0.2.1.tgz",
      "integrity": "sha512-wkvS7mL/JMugcup3/rMitHmd9ecIGd2lhFhK9N3UUQ450h66d1r3Y9nvXzQAW1Lq+wyx61k/1pfKS5KuKiyEbg=="
    },
    "raw-body": {},
    "requires-port": {
      "version": "1.0.0",
      "resolved": "https://registry.npmmirror.com/requires-port/-/requires-port-1.0.0.tgz",
      "integrity": "sha512-KigOCHcocU3XODJxsu8i/j8T9tzT4adHiecwORRQ0ZZFcp7ahwXuRU1m+yuO90C5ZUyGeGfocHDI14M3L3yDAQ=="
    },
    "statuses": {},
    "tsscmp": {
      "version": "1.0.6"
    },
    "type-is": {},
    "vary": {}
  }
}
